// !$*UTF8*$!
{
	archiveVersion = 1;
	classes = {
	};
	objectVersion = 56;
	objects = {

/* Begin PBXBuildFile section */
		9F0372E52A8CE7E100B2B967 /* DetailTrendingTableViewCell.swift in Sources */ = {isa = PBXBuildFile; fileRef = 9F0372E32A8CE7E100B2B967 /* DetailTrendingTableViewCell.swift */; };
		9F0372E62A8CE7E100B2B967 /* DetailTrendingTableViewCell.xib in Resources */ = {isa = PBXBuildFile; fileRef = 9F0372E42A8CE7E100B2B967 /* DetailTrendingTableViewCell.xib */; };
		9F4A694B2AA3962D00D8ED20 /* NickNameViewController.swift in Sources */ = {isa = PBXBuildFile; fileRef = 9F4A694A2AA3962D00D8ED20 /* NickNameViewController.swift */; };
		9F4A694D2AA39BF800D8ED20 /* AgeViewController.swift in Sources */ = {isa = PBXBuildFile; fileRef = 9F4A694C2AA39BF800D8ED20 /* AgeViewController.swift */; };
		9F4A694F2AA3A8D600D8ED20 /* IntroduceViewController.swift in Sources */ = {isa = PBXBuildFile; fileRef = 9F4A694E2AA3A8D600D8ED20 /* IntroduceViewController.swift */; };
		9F4A69532AA3ADE200D8ED20 /* LinkViewController.swift in Sources */ = {isa = PBXBuildFile; fileRef = 9F4A69522AA3ADE200D8ED20 /* LinkViewController.swift */; };
		9F4A69552AA3AEB700D8ED20 /* GenderViewController.swift in Sources */ = {isa = PBXBuildFile; fileRef = 9F4A69542AA3AEB700D8ED20 /* GenderViewController.swift */; };
		9F57CE3C2A9DE4B500A7B074 /* ProfileViewController.swift in Sources */ = {isa = PBXBuildFile; fileRef = 9F57CE3B2A9DE4B500A7B074 /* ProfileViewController.swift */; };
		9F57CE412A9DEC9D00A7B074 /* ProfileTableViewCell.swift in Sources */ = {isa = PBXBuildFile; fileRef = 9F57CE402A9DEC9D00A7B074 /* ProfileTableViewCell.swift */; };
		9F57CE472A9EB96400A7B074 /* NameViewController.swift in Sources */ = {isa = PBXBuildFile; fileRef = 9F57CE462A9EB96400A7B074 /* NameViewController.swift */; };
		9FB18A762A8B26F100ED41AF /* AppDelegate.swift in Sources */ = {isa = PBXBuildFile; fileRef = 9FB18A752A8B26F100ED41AF /* AppDelegate.swift */; };
		9FB18A782A8B26F100ED41AF /* SceneDelegate.swift in Sources */ = {isa = PBXBuildFile; fileRef = 9FB18A772A8B26F100ED41AF /* SceneDelegate.swift */; };
		9FB18A7D2A8B26F100ED41AF /* Main.storyboard in Resources */ = {isa = PBXBuildFile; fileRef = 9FB18A7B2A8B26F100ED41AF /* Main.storyboard */; };
		9FB18A7F2A8B26F400ED41AF /* Assets.xcassets in Resources */ = {isa = PBXBuildFile; fileRef = 9FB18A7E2A8B26F400ED41AF /* Assets.xcassets */; };
		9FB18A822A8B26F400ED41AF /* LaunchScreen.storyboard in Resources */ = {isa = PBXBuildFile; fileRef = 9FB18A802A8B26F400ED41AF /* LaunchScreen.storyboard */; };
		9FB18A8B2A8B271F00ED41AF /* SwiftyJSON in Frameworks */ = {isa = PBXBuildFile; productRef = 9FB18A8A2A8B271F00ED41AF /* SwiftyJSON */; };
		9FB18A8E2A8B8D0700ED41AF /* Alamofire in Frameworks */ = {isa = PBXBuildFile; productRef = 9FB18A8D2A8B8D0700ED41AF /* Alamofire */; };
		9FB18A902A8BD71F00ED41AF /* TrendingViewController.swift in Sources */ = {isa = PBXBuildFile; fileRef = 9FB18A8F2A8BD71F00ED41AF /* TrendingViewController.swift */; };
		9FB18A932A8BD79E00ED41AF /* Kingfisher in Frameworks */ = {isa = PBXBuildFile; productRef = 9FB18A922A8BD79E00ED41AF /* Kingfisher */; };
		9FB18A952A8BD90600ED41AF /* .gitignore in Resources */ = {isa = PBXBuildFile; fileRef = 9FB18A942A8BD90600ED41AF /* .gitignore */; };
		9FB18A972A8BD93100ED41AF /* APIKey.swift in Sources */ = {isa = PBXBuildFile; fileRef = 9FB18A962A8BD93100ED41AF /* APIKey.swift */; };
		9FB18A9C2A8BE91200ED41AF /* TrendingCollectionViewCell.swift in Sources */ = {isa = PBXBuildFile; fileRef = 9FB18A9A2A8BE91200ED41AF /* TrendingCollectionViewCell.swift */; };
		9FB18A9D2A8BE91200ED41AF /* TrendingCollectionViewCell.xib in Resources */ = {isa = PBXBuildFile; fileRef = 9FB18A9B2A8BE91200ED41AF /* TrendingCollectionViewCell.xib */; };
		9FB18AB32A8CD1EE00ED41AF /* DetailTrendingViewController.swift in Sources */ = {isa = PBXBuildFile; fileRef = 9FB18AB22A8CD1EE00ED41AF /* DetailTrendingViewController.swift */; };
		9FCC9AAF2A9BC76B008FAB49 /* OnboardingViewController.swift in Sources */ = {isa = PBXBuildFile; fileRef = 9FCC9AAE2A9BC76B008FAB49 /* OnboardingViewController.swift */; };
		9FCC9AB22A9BD704008FAB49 /* SnapKit in Frameworks */ = {isa = PBXBuildFile; productRef = 9FCC9AB12A9BD704008FAB49 /* SnapKit */; };
/* End PBXBuildFile section */

/* Begin PBXFileReference section */
		9F0372E32A8CE7E100B2B967 /* DetailTrendingTableViewCell.swift */ = {isa = PBXFileReference; lastKnownFileType = sourcecode.swift; path = DetailTrendingTableViewCell.swift; sourceTree = "<group>"; };
		9F0372E42A8CE7E100B2B967 /* DetailTrendingTableViewCell.xib */ = {isa = PBXFileReference; lastKnownFileType = file.xib; path = DetailTrendingTableViewCell.xib; sourceTree = "<group>"; };
		9F4A694A2AA3962D00D8ED20 /* NickNameViewController.swift */ = {isa = PBXFileReference; lastKnownFileType = sourcecode.swift; path = NickNameViewController.swift; sourceTree = "<group>"; };
		9F4A694C2AA39BF800D8ED20 /* AgeViewController.swift */ = {isa = PBXFileReference; lastKnownFileType = sourcecode.swift; path = AgeViewController.swift; sourceTree = "<group>"; };
		9F4A694E2AA3A8D600D8ED20 /* IntroduceViewController.swift */ = {isa = PBXFileReference; lastKnownFileType = sourcecode.swift; path = IntroduceViewController.swift; sourceTree = "<group>"; };
		9F4A69522AA3ADE200D8ED20 /* LinkViewController.swift */ = {isa = PBXFileReference; lastKnownFileType = sourcecode.swift; path = LinkViewController.swift; sourceTree = "<group>"; };
		9F4A69542AA3AEB700D8ED20 /* GenderViewController.swift */ = {isa = PBXFileReference; lastKnownFileType = sourcecode.swift; path = GenderViewController.swift; sourceTree = "<group>"; };
		9F57CE3B2A9DE4B500A7B074 /* ProfileViewController.swift */ = {isa = PBXFileReference; lastKnownFileType = sourcecode.swift; path = ProfileViewController.swift; sourceTree = "<group>"; };
		9F57CE402A9DEC9D00A7B074 /* ProfileTableViewCell.swift */ = {isa = PBXFileReference; lastKnownFileType = sourcecode.swift; path = ProfileTableViewCell.swift; sourceTree = "<group>"; };
		9F57CE462A9EB96400A7B074 /* NameViewController.swift */ = {isa = PBXFileReference; lastKnownFileType = sourcecode.swift; path = NameViewController.swift; sourceTree = "<group>"; };
		9FB18A722A8B26F100ED41AF /* MediaProject.app */ = {isa = PBXFileReference; explicitFileType = wrapper.application; includeInIndex = 0; path = MediaProject.app; sourceTree = BUILT_PRODUCTS_DIR; };
		9FB18A752A8B26F100ED41AF /* AppDelegate.swift */ = {isa = PBXFileReference; lastKnownFileType = sourcecode.swift; path = AppDelegate.swift; sourceTree = "<group>"; };
		9FB18A772A8B26F100ED41AF /* SceneDelegate.swift */ = {isa = PBXFileReference; lastKnownFileType = sourcecode.swift; path = SceneDelegate.swift; sourceTree = "<group>"; };
		9FB18A7C2A8B26F100ED41AF /* Base */ = {isa = PBXFileReference; lastKnownFileType = file.storyboard; name = Base; path = Base.lproj/Main.storyboard; sourceTree = "<group>"; };
		9FB18A7E2A8B26F400ED41AF /* Assets.xcassets */ = {isa = PBXFileReference; lastKnownFileType = folder.assetcatalog; path = Assets.xcassets; sourceTree = "<group>"; };
		9FB18A812A8B26F400ED41AF /* Base */ = {isa = PBXFileReference; lastKnownFileType = file.storyboard; name = Base; path = Base.lproj/LaunchScreen.storyboard; sourceTree = "<group>"; };
		9FB18A832A8B26F400ED41AF /* Info.plist */ = {isa = PBXFileReference; lastKnownFileType = text.plist.xml; path = Info.plist; sourceTree = "<group>"; };
		9FB18A8F2A8BD71F00ED41AF /* TrendingViewController.swift */ = {isa = PBXFileReference; lastKnownFileType = sourcecode.swift; path = TrendingViewController.swift; sourceTree = "<group>"; };
		9FB18A942A8BD90600ED41AF /* .gitignore */ = {isa = PBXFileReference; lastKnownFileType = text; path = .gitignore; sourceTree = "<group>"; };
		9FB18A962A8BD93100ED41AF /* APIKey.swift */ = {isa = PBXFileReference; lastKnownFileType = sourcecode.swift; path = APIKey.swift; sourceTree = "<group>"; };
		9FB18A9A2A8BE91200ED41AF /* TrendingCollectionViewCell.swift */ = {isa = PBXFileReference; lastKnownFileType = sourcecode.swift; path = TrendingCollectionViewCell.swift; sourceTree = "<group>"; };
		9FB18A9B2A8BE91200ED41AF /* TrendingCollectionViewCell.xib */ = {isa = PBXFileReference; lastKnownFileType = file.xib; path = TrendingCollectionViewCell.xib; sourceTree = "<group>"; };
		9FB18AB22A8CD1EE00ED41AF /* DetailTrendingViewController.swift */ = {isa = PBXFileReference; lastKnownFileType = sourcecode.swift; path = DetailTrendingViewController.swift; sourceTree = "<group>"; };
		9FCC9AAE2A9BC76B008FAB49 /* OnboardingViewController.swift */ = {isa = PBXFileReference; lastKnownFileType = sourcecode.swift; path = OnboardingViewController.swift; sourceTree = "<group>"; };
/* End PBXFileReference section */

/* Begin PBXFrameworksBuildPhase section */
		9FB18A6F2A8B26F100ED41AF /* Frameworks */ = {
			isa = PBXFrameworksBuildPhase;
			buildActionMask = 2147483647;
			files = (
				9FB18A932A8BD79E00ED41AF /* Kingfisher in Frameworks */,
				9FCC9AB22A9BD704008FAB49 /* SnapKit in Frameworks */,
				9FB18A8B2A8B271F00ED41AF /* SwiftyJSON in Frameworks */,
				9FB18A8E2A8B8D0700ED41AF /* Alamofire in Frameworks */,
			);
			runOnlyForDeploymentPostprocessing = 0;
		};
/* End PBXFrameworksBuildPhase section */

/* Begin PBXGroup section */
		9F4A69492AA3892800D8ED20 /* New Group */ = {
			isa = PBXGroup;
			children = (
			);
			path = "New Group";
			sourceTree = "<group>";
		};
		9F57CE482A9EB96800A7B074 /* Profile */ = {
			isa = PBXGroup;
			children = (
				9F57CE402A9DEC9D00A7B074 /* ProfileTableViewCell.swift */,
				9F57CE3B2A9DE4B500A7B074 /* ProfileViewController.swift */,
				9F57CE462A9EB96400A7B074 /* NameViewController.swift */,
				9F4A694A2AA3962D00D8ED20 /* NickNameViewController.swift */,
				9F4A694C2AA39BF800D8ED20 /* AgeViewController.swift */,
				9F4A694E2AA3A8D600D8ED20 /* IntroduceViewController.swift */,
				9F4A69522AA3ADE200D8ED20 /* LinkViewController.swift */,
				9F4A69542AA3AEB700D8ED20 /* GenderViewController.swift */,
			);
			path = Profile;
			sourceTree = "<group>";
		};
		9FB18A692A8B26F100ED41AF = {
			isa = PBXGroup;
			children = (
				9FB18A942A8BD90600ED41AF /* .gitignore */,
				9FB18A742A8B26F100ED41AF /* MediaProject */,
				9FB18A732A8B26F100ED41AF /* Products */,
			);
			sourceTree = "<group>";
		};
		9FB18A732A8B26F100ED41AF /* Products */ = {
			isa = PBXGroup;
			children = (
				9FB18A722A8B26F100ED41AF /* MediaProject.app */,
			);
			name = Products;
			sourceTree = "<group>";
		};
		9FB18A742A8B26F100ED41AF /* MediaProject */ = {
			isa = PBXGroup;
			children = (
				9FB18A752A8B26F100ED41AF /* AppDelegate.swift */,
				9FB18A772A8B26F100ED41AF /* SceneDelegate.swift */,
				9FCC9AAE2A9BC76B008FAB49 /* OnboardingViewController.swift */,
				9FB18A962A8BD93100ED41AF /* APIKey.swift */,
				9FB18A7B2A8B26F100ED41AF /* Main.storyboard */,
				9FB18A8F2A8BD71F00ED41AF /* TrendingViewController.swift */,
				9FB18AB22A8CD1EE00ED41AF /* DetailTrendingViewController.swift */,
				9F0372E32A8CE7E100B2B967 /* DetailTrendingTableViewCell.swift */,
				9F0372E42A8CE7E100B2B967 /* DetailTrendingTableViewCell.xib */,
				9FB18A9A2A8BE91200ED41AF /* TrendingCollectionViewCell.swift */,
				9FB18A9B2A8BE91200ED41AF /* TrendingCollectionViewCell.xib */,
				9F4A69492AA3892800D8ED20 /* New Group */,
				9F57CE482A9EB96800A7B074 /* Profile */,
				9FB18A7E2A8B26F400ED41AF /* Assets.xcassets */,
				9FB18A802A8B26F400ED41AF /* LaunchScreen.storyboard */,
				9FB18A832A8B26F400ED41AF /* Info.plist */,
			);
			path = MediaProject;
			sourceTree = "<group>";
		};
/* End PBXGroup section */

/* Begin PBXNativeTarget section */
		9FB18A712A8B26F100ED41AF /* MediaProject */ = {
			isa = PBXNativeTarget;
			buildConfigurationList = 9FB18A862A8B26F400ED41AF /* Build configuration list for PBXNativeTarget "MediaProject" */;
			buildPhases = (
				9FB18A6E2A8B26F100ED41AF /* Sources */,
				9FB18A6F2A8B26F100ED41AF /* Frameworks */,
				9FB18A702A8B26F100ED41AF /* Resources */,
			);
			buildRules = (
			);
			dependencies = (
			);
			name = MediaProject;
			packageProductDependencies = (
				9FB18A8A2A8B271F00ED41AF /* SwiftyJSON */,
				9FB18A8D2A8B8D0700ED41AF /* Alamofire */,
				9FB18A922A8BD79E00ED41AF /* Kingfisher */,
				9FCC9AB12A9BD704008FAB49 /* SnapKit */,
			);
			productName = MediaProject;
			productReference = 9FB18A722A8B26F100ED41AF /* MediaProject.app */;
			productType = "com.apple.product-type.application";
		};
/* End PBXNativeTarget section */

/* Begin PBXProject section */
		9FB18A6A2A8B26F100ED41AF /* Project object */ = {
			isa = PBXProject;
			attributes = {
				BuildIndependentTargetsInParallel = 1;
				LastSwiftUpdateCheck = 1430;
				LastUpgradeCheck = 1430;
				TargetAttributes = {
					9FB18A712A8B26F100ED41AF = {
						CreatedOnToolsVersion = 14.3.1;
					};
				};
			};
			buildConfigurationList = 9FB18A6D2A8B26F100ED41AF /* Build configuration list for PBXProject "MediaProject" */;
			compatibilityVersion = "Xcode 14.0";
			developmentRegion = en;
			hasScannedForEncodings = 0;
			knownRegions = (
				en,
				Base,
			);
			mainGroup = 9FB18A692A8B26F100ED41AF;
			packageReferences = (
				9FB18A892A8B271F00ED41AF /* XCRemoteSwiftPackageReference "SwiftyJSON" */,
				9FB18A8C2A8B8D0700ED41AF /* XCRemoteSwiftPackageReference "Alamofire" */,
				9FB18A912A8BD79E00ED41AF /* XCRemoteSwiftPackageReference "Kingfisher" */,
				9FCC9AB02A9BD704008FAB49 /* XCRemoteSwiftPackageReference "SnapKit" */,
			);
			productRefGroup = 9FB18A732A8B26F100ED41AF /* Products */;
			projectDirPath = "";
			projectRoot = "";
			targets = (
				9FB18A712A8B26F100ED41AF /* MediaProject */,
			);
		};
/* End PBXProject section */

/* Begin PBXResourcesBuildPhase section */
		9FB18A702A8B26F100ED41AF /* Resources */ = {
			isa = PBXResourcesBuildPhase;
			buildActionMask = 2147483647;
			files = (
				9FB18A952A8BD90600ED41AF /* .gitignore in Resources */,
				9F0372E62A8CE7E100B2B967 /* DetailTrendingTableViewCell.xib in Resources */,
				9FB18A9D2A8BE91200ED41AF /* TrendingCollectionViewCell.xib in Resources */,
				9FB18A822A8B26F400ED41AF /* LaunchScreen.storyboard in Resources */,
				9FB18A7F2A8B26F400ED41AF /* Assets.xcassets in Resources */,
				9FB18A7D2A8B26F100ED41AF /* Main.storyboard in Resources */,
			);
			runOnlyForDeploymentPostprocessing = 0;
		};
/* End PBXResourcesBuildPhase section */

/* Begin PBXSourcesBuildPhase section */
		9FB18A6E2A8B26F100ED41AF /* Sources */ = {
			isa = PBXSourcesBuildPhase;
			buildActionMask = 2147483647;
			files = (
				9FB18A762A8B26F100ED41AF /* AppDelegate.swift in Sources */,
				9FB18A9C2A8BE91200ED41AF /* TrendingCollectionViewCell.swift in Sources */,
				9F4A69532AA3ADE200D8ED20 /* LinkViewController.swift in Sources */,
				9F0372E52A8CE7E100B2B967 /* DetailTrendingTableViewCell.swift in Sources */,
				9F4A694D2AA39BF800D8ED20 /* AgeViewController.swift in Sources */,
				9F57CE412A9DEC9D00A7B074 /* ProfileTableViewCell.swift in Sources */,
				9F4A694B2AA3962D00D8ED20 /* NickNameViewController.swift in Sources */,
				9FCC9AAF2A9BC76B008FAB49 /* OnboardingViewController.swift in Sources */,
				9FB18AB32A8CD1EE00ED41AF /* DetailTrendingViewController.swift in Sources */,
				9F4A69552AA3AEB700D8ED20 /* GenderViewController.swift in Sources */,
				9F4A694F2AA3A8D600D8ED20 /* IntroduceViewController.swift in Sources */,
				9F57CE472A9EB96400A7B074 /* NameViewController.swift in Sources */,
				9FB18A782A8B26F100ED41AF /* SceneDelegate.swift in Sources */,
				9F57CE3C2A9DE4B500A7B074 /* ProfileViewController.swift in Sources */,
				9FB18A972A8BD93100ED41AF /* APIKey.swift in Sources */,
				9FB18A902A8BD71F00ED41AF /* TrendingViewController.swift in Sources */,
			);
			runOnlyForDeploymentPostprocessing = 0;
		};
/* End PBXSourcesBuildPhase section */

/* Begin PBXVariantGroup section */
		9FB18A7B2A8B26F100ED41AF /* Main.storyboard */ = {
			isa = PBXVariantGroup;
			children = (
				9FB18A7C2A8B26F100ED41AF /* Base */,
			);
			name = Main.storyboard;
			sourceTree = "<group>";
		};
		9FB18A802A8B26F400ED41AF /* LaunchScreen.storyboard */ = {
			isa = PBXVariantGroup;
			children = (
				9FB18A812A8B26F400ED41AF /* Base */,
			);
			name = LaunchScreen.storyboard;
			sourceTree = "<group>";
		};
/* End PBXVariantGroup section */

/* Begin XCBuildConfiguration section */
		9FB18A842A8B26F400ED41AF /* Debug */ = {
			isa = XCBuildConfiguration;
			buildSettings = {
				ALWAYS_SEARCH_USER_PATHS = NO;
				CLANG_ANALYZER_NONNULL = YES;
				CLANG_ANALYZER_NUMBER_OBJECT_CONVERSION = YES_AGGRESSIVE;
				CLANG_CXX_LANGUAGE_STANDARD = "gnu++20";
				CLANG_ENABLE_MODULES = YES;
				CLANG_ENABLE_OBJC_ARC = YES;
				CLANG_ENABLE_OBJC_WEAK = YES;
				CLANG_WARN_BLOCK_CAPTURE_AUTORELEASING = YES;
				CLANG_WARN_BOOL_CONVERSION = YES;
				CLANG_WARN_COMMA = YES;
				CLANG_WARN_CONSTANT_CONVERSION = YES;
				CLANG_WARN_DEPRECATED_OBJC_IMPLEMENTATIONS = YES;
				CLANG_WARN_DIRECT_OBJC_ISA_USAGE = YES_ERROR;
				CLANG_WARN_DOCUMENTATION_COMMENTS = YES;
				CLANG_WARN_EMPTY_BODY = YES;
				CLANG_WARN_ENUM_CONVERSION = YES;
				CLANG_WARN_INFINITE_RECURSION = YES;
				CLANG_WARN_INT_CONVERSION = YES;
				CLANG_WARN_NON_LITERAL_NULL_CONVERSION = YES;
				CLANG_WARN_OBJC_IMPLICIT_RETAIN_SELF = YES;
				CLANG_WARN_OBJC_LITERAL_CONVERSION = YES;
				CLANG_WARN_OBJC_ROOT_CLASS = YES_ERROR;
				CLANG_WARN_QUOTED_INCLUDE_IN_FRAMEWORK_HEADER = YES;
				CLANG_WARN_RANGE_LOOP_ANALYSIS = YES;
				CLANG_WARN_STRICT_PROTOTYPES = YES;
				CLANG_WARN_SUSPICIOUS_MOVE = YES;
				CLANG_WARN_UNGUARDED_AVAILABILITY = YES_AGGRESSIVE;
				CLANG_WARN_UNREACHABLE_CODE = YES;
				CLANG_WARN__DUPLICATE_METHOD_MATCH = YES;
				COPY_PHASE_STRIP = NO;
				DEBUG_INFORMATION_FORMAT = dwarf;
				ENABLE_STRICT_OBJC_MSGSEND = YES;
				ENABLE_TESTABILITY = YES;
				GCC_C_LANGUAGE_STANDARD = gnu11;
				GCC_DYNAMIC_NO_PIC = NO;
				GCC_NO_COMMON_BLOCKS = YES;
				GCC_OPTIMIZATION_LEVEL = 0;
				GCC_PREPROCESSOR_DEFINITIONS = (
					"DEBUG=1",
					"$(inherited)",
				);
				GCC_WARN_64_TO_32_BIT_CONVERSION = YES;
				GCC_WARN_ABOUT_RETURN_TYPE = YES_ERROR;
				GCC_WARN_UNDECLARED_SELECTOR = YES;
				GCC_WARN_UNINITIALIZED_AUTOS = YES_AGGRESSIVE;
				GCC_WARN_UNUSED_FUNCTION = YES;
				GCC_WARN_UNUSED_VARIABLE = YES;
				IPHONEOS_DEPLOYMENT_TARGET = 16.4;
				MTL_ENABLE_DEBUG_INFO = INCLUDE_SOURCE;
				MTL_FAST_MATH = YES;
				ONLY_ACTIVE_ARCH = YES;
				SDKROOT = iphoneos;
				SWIFT_ACTIVE_COMPILATION_CONDITIONS = DEBUG;
				SWIFT_OPTIMIZATION_LEVEL = "-Onone";
			};
			name = Debug;
		};
		9FB18A852A8B26F400ED41AF /* Release */ = {
			isa = XCBuildConfiguration;
			buildSettings = {
				ALWAYS_SEARCH_USER_PATHS = NO;
				CLANG_ANALYZER_NONNULL = YES;
				CLANG_ANALYZER_NUMBER_OBJECT_CONVERSION = YES_AGGRESSIVE;
				CLANG_CXX_LANGUAGE_STANDARD = "gnu++20";
				CLANG_ENABLE_MODULES = YES;
				CLANG_ENABLE_OBJC_ARC = YES;
				CLANG_ENABLE_OBJC_WEAK = YES;
				CLANG_WARN_BLOCK_CAPTURE_AUTORELEASING = YES;
				CLANG_WARN_BOOL_CONVERSION = YES;
				CLANG_WARN_COMMA = YES;
				CLANG_WARN_CONSTANT_CONVERSION = YES;
				CLANG_WARN_DEPRECATED_OBJC_IMPLEMENTATIONS = YES;
				CLANG_WARN_DIRECT_OBJC_ISA_USAGE = YES_ERROR;
				CLANG_WARN_DOCUMENTATION_COMMENTS = YES;
				CLANG_WARN_EMPTY_BODY = YES;
				CLANG_WARN_ENUM_CONVERSION = YES;
				CLANG_WARN_INFINITE_RECURSION = YES;
				CLANG_WARN_INT_CONVERSION = YES;
				CLANG_WARN_NON_LITERAL_NULL_CONVERSION = YES;
				CLANG_WARN_OBJC_IMPLICIT_RETAIN_SELF = YES;
				CLANG_WARN_OBJC_LITERAL_CONVERSION = YES;
				CLANG_WARN_OBJC_ROOT_CLASS = YES_ERROR;
				CLANG_WARN_QUOTED_INCLUDE_IN_FRAMEWORK_HEADER = YES;
				CLANG_WARN_RANGE_LOOP_ANALYSIS = YES;
				CLANG_WARN_STRICT_PROTOTYPES = YES;
				CLANG_WARN_SUSPICIOUS_MOVE = YES;
				CLANG_WARN_UNGUARDED_AVAILABILITY = YES_AGGRESSIVE;
				CLANG_WARN_UNREACHABLE_CODE = YES;
				CLANG_WARN__DUPLICATE_METHOD_MATCH = YES;
				COPY_PHASE_STRIP = NO;
				DEBUG_INFORMATION_FORMAT = "dwarf-with-dsym";
				ENABLE_NS_ASSERTIONS = NO;
				ENABLE_STRICT_OBJC_MSGSEND = YES;
				GCC_C_LANGUAGE_STANDARD = gnu11;
				GCC_NO_COMMON_BLOCKS = YES;
				GCC_WARN_64_TO_32_BIT_CONVERSION = YES;
				GCC_WARN_ABOUT_RETURN_TYPE = YES_ERROR;
				GCC_WARN_UNDECLARED_SELECTOR = YES;
				GCC_WARN_UNINITIALIZED_AUTOS = YES_AGGRESSIVE;
				GCC_WARN_UNUSED_FUNCTION = YES;
				GCC_WARN_UNUSED_VARIABLE = YES;
				IPHONEOS_DEPLOYMENT_TARGET = 16.4;
				MTL_ENABLE_DEBUG_INFO = NO;
				MTL_FAST_MATH = YES;
				SDKROOT = iphoneos;
				SWIFT_COMPILATION_MODE = wholemodule;
				SWIFT_OPTIMIZATION_LEVEL = "-O";
				VALIDATE_PRODUCT = YES;
			};
			name = Release;
		};
		9FB18A872A8B26F400ED41AF /* Debug */ = {
			isa = XCBuildConfiguration;
			buildSettings = {
				ASSETCATALOG_COMPILER_APPICON_NAME = AppIcon;
				ASSETCATALOG_COMPILER_GLOBAL_ACCENT_COLOR_NAME = AccentColor;
				CODE_SIGN_STYLE = Automatic;
				CURRENT_PROJECT_VERSION = 1;
				DEVELOPMENT_TEAM = NDA4XU9NWX;
				GENERATE_INFOPLIST_FILE = YES;
				INFOPLIST_FILE = MediaProject/Info.plist;
				INFOPLIST_KEY_UIApplicationSupportsIndirectInputEvents = YES;
				INFOPLIST_KEY_UILaunchStoryboardName = LaunchScreen;
				INFOPLIST_KEY_UIMainStoryboardFile = Main;
				INFOPLIST_KEY_UISupportedInterfaceOrientations = UIInterfaceOrientationPortrait;
				INFOPLIST_KEY_UISupportedInterfaceOrientations_iPad = "UIInterfaceOrientationLandscapeLeft UIInterfaceOrientationLandscapeRight UIInterfaceOrientationPortrait UIInterfaceOrientationPortraitUpsideDown";
				IPHONEOS_DEPLOYMENT_TARGET = 15.0;
				LD_RUNPATH_SEARCH_PATHS = (
					"$(inherited)",
					"@executable_path/Frameworks",
				);
				MARKETING_VERSION = 1.0;
				PRODUCT_BUNDLE_IDENTIFIER = com.sesac.MediaProject;
				PRODUCT_NAME = "$(TARGET_NAME)";
				SUPPORTED_PLATFORMS = "iphoneos iphonesimulator";
				SUPPORTS_MACCATALYST = NO;
				SUPPORTS_MAC_DESIGNED_FOR_IPHONE_IPAD = NO;
				SWIFT_EMIT_LOC_STRINGS = YES;
				SWIFT_VERSION = 5.0;
				TARGETED_DEVICE_FAMILY = 1;
			};
			name = Debug;
		};
		9FB18A882A8B26F400ED41AF /* Release */ = {
			isa = XCBuildConfiguration;
			buildSettings = {
				ASSETCATALOG_COMPILER_APPICON_NAME = AppIcon;
				ASSETCATALOG_COMPILER_GLOBAL_ACCENT_COLOR_NAME = AccentColor;
				CODE_SIGN_STYLE = Automatic;
				CURRENT_PROJECT_VERSION = 1;
				DEVELOPMENT_TEAM = NDA4XU9NWX;
				GENERATE_INFOPLIST_FILE = YES;
				INFOPLIST_FILE = MediaProject/Info.plist;
				INFOPLIST_KEY_UIApplicationSupportsIndirectInputEvents = YES;
				INFOPLIST_KEY_UILaunchStoryboardName = LaunchScreen;
				INFOPLIST_KEY_UIMainStoryboardFile = Main;
				INFOPLIST_KEY_UISupportedInterfaceOrientations = UIInterfaceOrientationPortrait;
				INFOPLIST_KEY_UISupportedInterfaceOrientations_iPad = "UIInterfaceOrientationLandscapeLeft UIInterfaceOrientationLandscapeRight UIInterfaceOrientationPortrait UIInterfaceOrientationPortraitUpsideDown";
				IPHONEOS_DEPLOYMENT_TARGET = 15.0;
				LD_RUNPATH_SEARCH_PATHS = (
					"$(inherited)",
					"@executable_path/Frameworks",
				);
				MARKETING_VERSION = 1.0;
				PRODUCT_BUNDLE_IDENTIFIER = com.sesac.MediaProject;
				PRODUCT_NAME = "$(TARGET_NAME)";
				SUPPORTED_PLATFORMS = "iphoneos iphonesimulator";
				SUPPORTS_MACCATALYST = NO;
				SUPPORTS_MAC_DESIGNED_FOR_IPHONE_IPAD = NO;
				SWIFT_EMIT_LOC_STRINGS = YES;
				SWIFT_VERSION = 5.0;
				TARGETED_DEVICE_FAMILY = 1;
			};
			name = Release;
		};
/* End XCBuildConfiguration section */

/* Begin XCConfigurationList section */
		9FB18A6D2A8B26F100ED41AF /* Build configuration list for PBXProject "MediaProject" */ = {
			isa = XCConfigurationList;
			buildConfigurations = (
				9FB18A842A8B26F400ED41AF /* Debug */,
				9FB18A852A8B26F400ED41AF /* Release */,
			);
			defaultConfigurationIsVisible = 0;
			defaultConfigurationName = Release;
		};
		9FB18A862A8B26F400ED41AF /* Build configuration list for PBXNativeTarget "MediaProject" */ = {
			isa = XCConfigurationList;
			buildConfigurations = (
				9FB18A872A8B26F400ED41AF /* Debug */,
				9FB18A882A8B26F400ED41AF /* Release */,
			);
			defaultConfigurationIsVisible = 0;
			defaultConfigurationName = Release;
		};
/* End XCConfigurationList section */

/* Begin XCRemoteSwiftPackageReference section */
		9FB18A892A8B271F00ED41AF /* XCRemoteSwiftPackageReference "SwiftyJSON" */ = {
			isa = XCRemoteSwiftPackageReference;
			repositoryURL = "https://github.com/SwiftyJSON/SwiftyJSON";
			requirement = {
				kind = upToNextMajorVersion;
				minimumVersion = 5.0.0;
			};
		};
		9FB18A8C2A8B8D0700ED41AF /* XCRemoteSwiftPackageReference "Alamofire" */ = {
			isa = XCRemoteSwiftPackageReference;
			repositoryURL = "https://github.com/Alamofire/Alamofire";
			requirement = {
				kind = upToNextMajorVersion;
				minimumVersion = 5.0.0;
			};
		};
		9FB18A912A8BD79E00ED41AF /* XCRemoteSwiftPackageReference "Kingfisher" */ = {
			isa = XCRemoteSwiftPackageReference;
			repositoryURL = "https://github.com/onevcat/Kingfisher.git";
			requirement = {
				kind = upToNextMajorVersion;
				minimumVersion = 7.0.0;
			};
		};
		9FCC9AB02A9BD704008FAB49 /* XCRemoteSwiftPackageReference "SnapKit" */ = {
			isa = XCRemoteSwiftPackageReference;
			repositoryURL = "https://github.com/SnapKit/SnapKit.git";
			requirement = {
				kind = upToNextMajorVersion;
				minimumVersion = 5.0.0;
			};
		};
/* End XCRemoteSwiftPackageReference section */

/* Begin XCSwiftPackageProductDependency section */
		9FB18A8A2A8B271F00ED41AF /* SwiftyJSON */ = {
			isa = XCSwiftPackageProductDependency;
			package = 9FB18A892A8B271F00ED41AF /* XCRemoteSwiftPackageReference "SwiftyJSON" */;
			productName = SwiftyJSON;
		};
		9FB18A8D2A8B8D0700ED41AF /* Alamofire */ = {
			isa = XCSwiftPackageProductDependency;
			package = 9FB18A8C2A8B8D0700ED41AF /* XCRemoteSwiftPackageReference "Alamofire" */;
			productName = Alamofire;
		};
		9FB18A922A8BD79E00ED41AF /* Kingfisher */ = {
			isa = XCSwiftPackageProductDependency;
			package = 9FB18A912A8BD79E00ED41AF /* XCRemoteSwiftPackageReference "Kingfisher" */;
			productName = Kingfisher;
		};
		9FCC9AB12A9BD704008FAB49 /* SnapKit */ = {
			isa = XCSwiftPackageProductDependency;
			package = 9FCC9AB02A9BD704008FAB49 /* XCRemoteSwiftPackageReference "SnapKit" */;
			productName = SnapKit;
		};
/* End XCSwiftPackageProductDependency section */
	};
	rootObject = 9FB18A6A2A8B26F100ED41AF /* Project object */;
}
